# This file is machine-generated by `gh actions-lock`.
# Do not edit by hand; run `gh actions-lock` to update.
# Docs: https://gh.io/actions-lockfile
version: 'v0.0.2'
workflows:
    '.github/workflows/actions-dependency-submission.yml':
        - 'actions/checkout@v7.0.0'
        - 'actions/dependency-review-action@v5.0.0'
        - 'jessehouwing/actions-dependency-submission@v1.0.15'
        - 'step-security/harden-runner@v2.19.4'
    '.github/workflows/blog-post-workflow.yml':
        - 'actions/checkout@v7.0.0'
        - 'gautamkrishnar/blog-post-workflow@1.9.6'
        - 'step-security/harden-runner@v2.19.4'
dependencies:
    'actions/checkout@v7.0.0':
        ref: 'v7.0.0'
        commit: 'sha1-9c091bb21b7c1c1d1991bb908d89e4e9dddfe3e0'
        owner_id: 44036562
        repo_id: 197814629
    'actions/dependency-review-action@v5.0.0':
        ref: 'v5.0.0'
        commit: 'sha1-a1d282b36b6f3519aa1f3fc636f609c47dddb294'
        owner_id: 44036562
        repo_id: 476372928
    'gautamkrishnar/blog-post-workflow@1.9.6':
        ref: '1.9.6'
        commit: 'sha1-2786e54a01b71aec80a5118c2bd6b5044e842597'
        owner_id: 8397274
        repo_id: 280830267
    'jessehouwing/actions-dependency-submission@v1.0.15':
        ref: 'v1.0.15'
        commit: 'sha1-d4ed9fd03b1c91e31a62d9a4095440128ec1316b'
        owner_id: 4173387
        repo_id: 1109249632
    'step-security/harden-runner@v2.19.4':
        ref: 'v2.19.4'
        commit: 'sha1-9af89fc71515a100421586dfdb3dc9c984fbf411'
        owner_id: 88700172
        repo_id: 422287306
