# This file is machine-generated by `gh actions-lock`.
# Do not edit by hand; run `gh actions-lock` to update.
# Docs: https://gh.io/actions-lockfile
version: 'v0.0.2'
workflows:
    '.github/workflows/actions-dependency-submission.yml':
        - 'actions/checkout@v7.0.1'
        - 'actions/dependency-review-action@v5.0.0'
        - 'jessehouwing/actions-dependency-submission@v1.0.17'
        - 'step-security/harden-runner@v2.21.1'
    '.github/workflows/blog-post-workflow.yml':
        - 'actions/checkout@v7.0.1'
        - 'gautamkrishnar/blog-post-workflow@1.9.7'
        - 'step-security/harden-runner@v2.21.1'
    '.github/workflows/scrum-classes-workflow.yml':
        - 'actions/checkout@v7.0.1'
        - 'step-security/harden-runner@v2.21.1'
dependencies:
    'actions/checkout@v7.0.1':
        ref: 'v7.0.1'
        commit: 'sha1-3d3c42e5aac5ba805825da76410c181273ba90b1'
        owner_id: 44036562
        repo_id: 197814629
    'actions/dependency-review-action@v5.0.0':
        ref: 'v5.0.0'
        commit: 'sha1-a1d282b36b6f3519aa1f3fc636f609c47dddb294'
        owner_id: 44036562
        repo_id: 476372928
    'gautamkrishnar/blog-post-workflow@1.9.7':
        ref: '1.9.7'
        commit: 'sha1-f177491c77670f150ab4e9b9890254d8eba4164b'
        owner_id: 8397274
        repo_id: 280830267
    'jessehouwing/actions-dependency-submission@v1.0.17':
        ref: 'v1.0.17'
        commit: 'sha1-aa358ec7aee0a7f2dbaef9702915b28e90879842'
        owner_id: 4173387
        repo_id: 1109249632
    'step-security/harden-runner@v2.21.1':
        ref: 'v2.21.1'
        commit: 'sha1-e14015d583714f6e62063499dc959a02595150a1'
        owner_id: 88700172
        repo_id: 422287306
